
Microsoft Visual Studio Solution File, Format Version 12.00
# Visual Studio Version 16
VisualStudioVersion = 16.0.30204.135
MinimumVisualStudioVersion = 10.0.40219.1
Project("{FAE04EC0-301F-11D3-BF4B-00C04F79EFBC}") = "Memberships", "Memberships\Memberships.csproj", "{1B468E44-BFDD-404F-91AD-DBF1E13B2AAD}"
EndProject
Project("{FAE04EC0-301F-11D3-BF4B-00C04F79EFBC}") = "Data_Entities", "Data_Entities\Data_Entities.csproj", "{0B415FF9-F654-45F7-91C4-0810F9313516}"
EndProject
Global
	GlobalSection(SolutionConfigurationPlatforms) = preSolution
		Debug|Any CPU = Debug|Any CPU
		Release|Any CPU = Release|Any CPU
	EndGlobalSection
	GlobalSection(ProjectConfigurationPlatforms) = postSolution
		{1B468E44-BFDD-404F-91AD-DBF1E13B2AAD}.Debug|Any CPU.ActiveCfg = Debug|Any CPU
		{1B468E44-BFDD-404F-91AD-DBF1E13B2AAD}.Debug|Any CPU.Build.0 = Debug|Any CPU
		{1B468E44-BFDD-404F-91AD-DBF1E13B2AAD}.Release|Any CPU.ActiveCfg = Release|Any CPU
		{1B468E44-BFDD-404F-91AD-DBF1E13B2AAD}.Release|Any CPU.Build.0 = Release|Any CPU
		{0B415FF9-F654-45F7-91C4-0810F9313516}.Debug|Any CPU.ActiveCfg = Debug|Any CPU
		{0B415FF9-F654-45F7-91C4-0810F9313516}.Debug|Any CPU.Build.0 = Debug|Any CPU
		{0B415FF9-F654-45F7-91C4-0810F9313516}.Release|Any CPU.ActiveCfg = Release|Any CPU
		{0B415FF9-F654-45F7-91C4-0810F9313516}.Release|Any CPU.Build.0 = Release|Any CPU
	EndGlobalSection
	GlobalSection(SolutionProperties) = preSolution
		HideSolutionNode = FALSE
	EndGlobalSection
	GlobalSection(ExtensibilityGlobals) = postSolution
		SolutionGuid = {3A6F4350-A6AC-40A9-AFBD-0DD56C8E7796}
	EndGlobalSection
EndGlobal
